
Microsoft Visual Studio Solution File, Format Version 12.00
Project("{FAE04EC0-301F-11D3-BF4B-00C04F79EFBC}") = "ChangeString", "ChangeString\ChangeString.csproj", "{02657DFA-421A-45CE-A0D3-549E61A7774D}"
EndProject
Project("{FAE04EC0-301F-11D3-BF4B-00C04F79EFBC}") = "ArraySums", "ArraySums\ArraySums.csproj", "{5CDC6632-FAD1-4CEF-8D25-E71F5BCF52DD}"
EndProject
Project("{FAE04EC0-301F-11D3-BF4B-00C04F79EFBC}") = "PlayerPerks", "PlayerPerks\PlayerPerks.csproj", "{D9E655E9-5600-4282-BC0B-F2A23DBAB622}"
EndProject
Project("{FAE04EC0-301F-11D3-BF4B-00C04F79EFBC}") = "GitBranching", "GitBranching\GitBranching.csproj", "{BA1C1D67-0ECC-498C-B194-D8B5E78923A9}"
EndProject
Project("{FAE04EC0-301F-11D3-BF4B-00C04F79EFBC}") = "PlayerAchievements", "PlayerAchievements\PlayerAchievements.csproj", "{DF23C310-7768-47A2-98A6-4A1B7A3E5FDE}"
EndProject
Global
	GlobalSection(SolutionConfigurationPlatforms) = preSolution
		Debug|Any CPU = Debug|Any CPU
		Release|Any CPU = Release|Any CPU
	EndGlobalSection
	GlobalSection(ProjectConfigurationPlatforms) = postSolution
		{02657DFA-421A-45CE-A0D3-549E61A7774D}.Debug|Any CPU.ActiveCfg = Debug|Any CPU
		{02657DFA-421A-45CE-A0D3-549E61A7774D}.Debug|Any CPU.Build.0 = Debug|Any CPU
		{02657DFA-421A-45CE-A0D3-549E61A7774D}.Release|Any CPU.ActiveCfg = Release|Any CPU
		{02657DFA-421A-45CE-A0D3-549E61A7774D}.Release|Any CPU.Build.0 = Release|Any CPU
		{5CDC6632-FAD1-4CEF-8D25-E71F5BCF52DD}.Debug|Any CPU.ActiveCfg = Debug|Any CPU
		{5CDC6632-FAD1-4CEF-8D25-E71F5BCF52DD}.Debug|Any CPU.Build.0 = Debug|Any CPU
		{5CDC6632-FAD1-4CEF-8D25-E71F5BCF52DD}.Release|Any CPU.ActiveCfg = Release|Any CPU
		{5CDC6632-FAD1-4CEF-8D25-E71F5BCF52DD}.Release|Any CPU.Build.0 = Release|Any CPU
		{D9E655E9-5600-4282-BC0B-F2A23DBAB622}.Debug|Any CPU.ActiveCfg = Debug|Any CPU
		{D9E655E9-5600-4282-BC0B-F2A23DBAB622}.Debug|Any CPU.Build.0 = Debug|Any CPU
		{D9E655E9-5600-4282-BC0B-F2A23DBAB622}.Release|Any CPU.ActiveCfg = Release|Any CPU
		{D9E655E9-5600-4282-BC0B-F2A23DBAB622}.Release|Any CPU.Build.0 = Release|Any CPU
		{BA1C1D67-0ECC-498C-B194-D8B5E78923A9}.Debug|Any CPU.ActiveCfg = Debug|Any CPU
		{BA1C1D67-0ECC-498C-B194-D8B5E78923A9}.Debug|Any CPU.Build.0 = Debug|Any CPU
		{BA1C1D67-0ECC-498C-B194-D8B5E78923A9}.Release|Any CPU.ActiveCfg = Release|Any CPU
		{BA1C1D67-0ECC-498C-B194-D8B5E78923A9}.Release|Any CPU.Build.0 = Release|Any CPU
		{DF23C310-7768-47A2-98A6-4A1B7A3E5FDE}.Debug|Any CPU.ActiveCfg = Debug|Any CPU
		{DF23C310-7768-47A2-98A6-4A1B7A3E5FDE}.Debug|Any CPU.Build.0 = Debug|Any CPU
		{DF23C310-7768-47A2-98A6-4A1B7A3E5FDE}.Release|Any CPU.ActiveCfg = Release|Any CPU
		{DF23C310-7768-47A2-98A6-4A1B7A3E5FDE}.Release|Any CPU.Build.0 = Release|Any CPU
	EndGlobalSection
EndGlobal
